
Microsoft Visual Studio Solution File, Format Version 12.00
# Visual Studio Version 17
VisualStudioVersion = 17.10.34916.146
MinimumVisualStudioVersion = 10.0.40219.1
Project("{FAE04EC0-301F-11D3-BF4B-00C04F79EFBC}") = "SY22_PRRPRR02_02_Repetition_2", "SY22_PRRPRR02_02_Repetition_2\SY22_PRRPRR02_02_Repetition_2.csproj", "{03C8049B-4E60-432C-96B3-32BF35B40CDC}"
EndProject
Global
	GlobalSection(SolutionConfigurationPlatforms) = preSolution
		Debug|Any CPU = Debug|Any CPU
		Release|Any CPU = Release|Any CPU
	EndGlobalSection
	GlobalSection(ProjectConfigurationPlatforms) = postSolution
		{03C8049B-4E60-432C-96B3-32BF35B40CDC}.Debug|Any CPU.ActiveCfg = Debug|Any CPU
		{03C8049B-4E60-432C-96B3-32BF35B40CDC}.Debug|Any CPU.Build.0 = Debug|Any CPU
		{03C8049B-4E60-432C-96B3-32BF35B40CDC}.Release|Any CPU.ActiveCfg = Release|Any CPU
		{03C8049B-4E60-432C-96B3-32BF35B40CDC}.Release|Any CPU.Build.0 = Release|Any CPU
	EndGlobalSection
	GlobalSection(SolutionProperties) = preSolution
		HideSolutionNode = FALSE
	EndGlobalSection
	GlobalSection(ExtensibilityGlobals) = postSolution
		SolutionGuid = {EAC37D9F-4E80-440A-8F23-3B5556008DBF}
	EndGlobalSection
EndGlobal
